
Microsoft Visual Studio Solution File, Format Version 12.00
# Visual Studio Version 17
VisualStudioVersion = 17.2.32526.322
MinimumVisualStudioVersion = 10.0.40219.1
Project("{FAE04EC0-301F-11D3-BF4B-00C04F79EFBC}") = "Matevosyan_10_17", "Matevosyan_10_17\Matevosyan_10_17.csproj", "{24BC6EA6-B2D1-4906-B38A-E5F26082C6C3}"
EndProject
Global
	GlobalSection(SolutionConfigurationPlatforms) = preSolution
		Debug|Any CPU = Debug|Any CPU
		Release|Any CPU = Release|Any CPU
	EndGlobalSection
	GlobalSection(ProjectConfigurationPlatforms) = postSolution
		{24BC6EA6-B2D1-4906-B38A-E5F26082C6C3}.Debug|Any CPU.ActiveCfg = Debug|Any CPU
		{24BC6EA6-B2D1-4906-B38A-E5F26082C6C3}.Debug|Any CPU.Build.0 = Debug|Any CPU
		{24BC6EA6-B2D1-4906-B38A-E5F26082C6C3}.Release|Any CPU.ActiveCfg = Release|Any CPU
		{24BC6EA6-B2D1-4906-B38A-E5F26082C6C3}.Release|Any CPU.Build.0 = Release|Any CPU
	EndGlobalSection
	GlobalSection(SolutionProperties) = preSolution
		HideSolutionNode = FALSE
	EndGlobalSection
	GlobalSection(ExtensibilityGlobals) = postSolution
		SolutionGuid = {3233F031-5729-46F3-B6EC-5A4F3373811C}
	EndGlobalSection
EndGlobal
